// !$*UTF8*$!
{
	archiveVersion = 1;
	classes = {
	};
	objectVersion = 56;
	objects = {

/* Begin PBXBuildFile section */
		7BCF4A512C42B6C40056BCDA /* ErosMobileApp.swift in Sources */ = {isa = PBXBuildFile; fileRef = 7BCF4A502C42B6C40056BCDA /* ErosMobileApp.swift */; };
		7BCF4A532C42B6C40056BCDA /* ContentView.swift in Sources */ = {isa = PBXBuildFile; fileRef = 7BCF4A522C42B6C40056BCDA /* ContentView.swift */; };
		7BCF4A552C42B6C50056BCDA /* Assets.xcassets in Resources */ = {isa = PBXBuildFile; fileRef = 7BCF4A542C42B6C50056BCDA /* Assets.xcassets */; };
		7BCF4A592C42B6C50056BCDA /* Preview Assets.xcassets in Resources */ = {isa = PBXBuildFile; fileRef = 7BCF4A582C42B6C50056BCDA /* Preview Assets.xcassets */; };
		7BCF4A622C42B6EF0056BCDA /* Onboarding.swift in Sources */ = {isa = PBXBuildFile; fileRef = 7BCF4A612C42B6EF0056BCDA /* Onboarding.swift */; };
		7BCF4A662C42C1F60056BCDA /* SansRegular.ttf in Resources */ = {isa = PBXBuildFile; fileRef = 7BCF4A632C42C1F60056BCDA /* SansRegular.ttf */; };
		7BCF4A672C42C1F60056BCDA /* SansBold.ttf in Resources */ = {isa = PBXBuildFile; fileRef = 7BCF4A642C42C1F60056BCDA /* SansBold.ttf */; };
		7BCF4A682C42C1F60056BCDA /* SansMedium.ttf in Resources */ = {isa = PBXBuildFile; fileRef = 7BCF4A652C42C1F60056BCDA /* SansMedium.ttf */; };
		7BCF4A6D2C42C3600056BCDA /* Font.swift in Sources */ = {isa = PBXBuildFile; fileRef = 7BCF4A6C2C42C3600056BCDA /* Font.swift */; };
/* End PBXBuildFile section */

/* Begin PBXFileReference section */
		7BCF4A4D2C42B6C40056BCDA /* ErosMobile.app */ = {isa = PBXFileReference; explicitFileType = wrapper.application; includeInIndex = 0; path = ErosMobile.app; sourceTree = BUILT_PRODUCTS_DIR; };
		7BCF4A502C42B6C40056BCDA /* ErosMobileApp.swift */ = {isa = PBXFileReference; lastKnownFileType = sourcecode.swift; path = ErosMobileApp.swift; sourceTree = "<group>"; };
		7BCF4A522C42B6C40056BCDA /* ContentView.swift */ = {isa = PBXFileReference; lastKnownFileType = sourcecode.swift; path = ContentView.swift; sourceTree = "<group>"; };
		7BCF4A542C42B6C50056BCDA /* Assets.xcassets */ = {isa = PBXFileReference; lastKnownFileType = folder.assetcatalog; path = Assets.xcassets; sourceTree = "<group>"; };
		7BCF4A562C42B6C50056BCDA /* ErosMobile.entitlements */ = {isa = PBXFileReference; lastKnownFileType = text.plist.entitlements; path = ErosMobile.entitlements; sourceTree = "<group>"; };
		7BCF4A582C42B6C50056BCDA /* Preview Assets.xcassets */ = {isa = PBXFileReference; lastKnownFileType = folder.assetcatalog; path = "Preview Assets.xcassets"; sourceTree = "<group>"; };
		7BCF4A612C42B6EF0056BCDA /* Onboarding.swift */ = {isa = PBXFileReference; lastKnownFileType = sourcecode.swift; path = Onboarding.swift; sourceTree = "<group>"; };
		7BCF4A632C42C1F60056BCDA /* SansRegular.ttf */ = {isa = PBXFileReference; lastKnownFileType = file; path = SansRegular.ttf; sourceTree = "<group>"; };
		7BCF4A642C42C1F60056BCDA /* SansBold.ttf */ = {isa = PBXFileReference; lastKnownFileType = file; path = SansBold.ttf; sourceTree = "<group>"; };
		7BCF4A652C42C1F60056BCDA /* SansMedium.ttf */ = {isa = PBXFileReference; lastKnownFileType = file; path = SansMedium.ttf; sourceTree = "<group>"; };
		7BCF4A6A2C42C24D0056BCDA /* Info.plist */ = {isa = PBXFileReference; lastKnownFileType = text.plist; path = Info.plist; sourceTree = "<group>"; };
		7BCF4A6C2C42C3600056BCDA /* Font.swift */ = {isa = PBXFileReference; lastKnownFileType = sourcecode.swift; path = Font.swift; sourceTree = "<group>"; };
/* End PBXFileReference section */

/* Begin PBXFrameworksBuildPhase section */
		7BCF4A4A2C42B6C40056BCDA /* Frameworks */ = {
			isa = PBXFrameworksBuildPhase;
			buildActionMask = 2147483647;
			files = (
			);
			runOnlyForDeploymentPostprocessing = 0;
		};
/* End PBXFrameworksBuildPhase section */

/* Begin PBXGroup section */
		7BCF4A442C42B6C40056BCDA = {
			isa = PBXGroup;
			children = (
				7BCF4A4F2C42B6C40056BCDA /* ErosMobile */,
				7BCF4A4E2C42B6C40056BCDA /* Products */,
			);
			sourceTree = "<group>";
		};
		7BCF4A4E2C42B6C40056BCDA /* Products */ = {
			isa = PBXGroup;
			children = (
				7BCF4A4D2C42B6C40056BCDA /* ErosMobile.app */,
			);
			name = Products;
			sourceTree = "<group>";
		};
		7BCF4A4F2C42B6C40056BCDA /* ErosMobile */ = {
			isa = PBXGroup;
			children = (
				7BCF4A6B2C42C34F0056BCDA /* Extensions */,
				7BCF4A6A2C42C24D0056BCDA /* Info.plist */,
				7BCF4A692C42C2040056BCDA /* Fonts */,
				7BCF4A5F2C42B6D10056BCDA /* Screens */,
				7BCF4A502C42B6C40056BCDA /* ErosMobileApp.swift */,
				7BCF4A522C42B6C40056BCDA /* ContentView.swift */,
				7BCF4A542C42B6C50056BCDA /* Assets.xcassets */,
				7BCF4A562C42B6C50056BCDA /* ErosMobile.entitlements */,
				7BCF4A572C42B6C50056BCDA /* Preview Content */,
			);
			path = ErosMobile;
			sourceTree = "<group>";
		};
		7BCF4A572C42B6C50056BCDA /* Preview Content */ = {
			isa = PBXGroup;
			children = (
				7BCF4A582C42B6C50056BCDA /* Preview Assets.xcassets */,
			);
			path = "Preview Content";
			sourceTree = "<group>";
		};
		7BCF4A5F2C42B6D10056BCDA /* Screens */ = {
			isa = PBXGroup;
			children = (
				7BCF4A602C42B6DE0056BCDA /* Onboarding */,
			);
			path = Screens;
			sourceTree = "<group>";
		};
		7BCF4A602C42B6DE0056BCDA /* Onboarding */ = {
			isa = PBXGroup;
			children = (
				7BCF4A612C42B6EF0056BCDA /* Onboarding.swift */,
			);
			path = Onboarding;
			sourceTree = "<group>";
		};
		7BCF4A692C42C2040056BCDA /* Fonts */ = {
			isa = PBXGroup;
			children = (
				7BCF4A642C42C1F60056BCDA /* SansBold.ttf */,
				7BCF4A652C42C1F60056BCDA /* SansMedium.ttf */,
				7BCF4A632C42C1F60056BCDA /* SansRegular.ttf */,
			);
			path = Fonts;
			sourceTree = "<group>";
		};
		7BCF4A6B2C42C34F0056BCDA /* Extensions */ = {
			isa = PBXGroup;
			children = (
				7BCF4A6C2C42C3600056BCDA /* Font.swift */,
			);
			path = Extensions;
			sourceTree = "<group>";
		};
/* End PBXGroup section */

/* Begin PBXNativeTarget section */
		7BCF4A4C2C42B6C40056BCDA /* ErosMobile */ = {
			isa = PBXNativeTarget;
			buildConfigurationList = 7BCF4A5C2C42B6C50056BCDA /* Build configuration list for PBXNativeTarget "ErosMobile" */;
			buildPhases = (
				7BCF4A492C42B6C40056BCDA /* Sources */,
				7BCF4A4A2C42B6C40056BCDA /* Frameworks */,
				7BCF4A4B2C42B6C40056BCDA /* Resources */,
			);
			buildRules = (
			);
			dependencies = (
			);
			name = ErosMobile;
			productName = ErosMobile;
			productReference = 7BCF4A4D2C42B6C40056BCDA /* ErosMobile.app */;
			productType = "com.apple.product-type.application";
		};
/* End PBXNativeTarget section */

/* Begin PBXProject section */
		7BCF4A452C42B6C40056BCDA /* Project object */ = {
			isa = PBXProject;
			attributes = {
				BuildIndependentTargetsInParallel = 1;
				LastSwiftUpdateCheck = 1540;
				LastUpgradeCheck = 1540;
				TargetAttributes = {
					7BCF4A4C2C42B6C40056BCDA = {
						CreatedOnToolsVersion = 15.4;
					};
				};
			};
			buildConfigurationList = 7BCF4A482C42B6C40056BCDA /* Build configuration list for PBXProject "ErosMobile" */;
			compatibilityVersion = "Xcode 14.0";
			developmentRegion = en;
			hasScannedForEncodings = 0;
			knownRegions = (
				en,
				Base,
			);
			mainGroup = 7BCF4A442C42B6C40056BCDA;
			productRefGroup = 7BCF4A4E2C42B6C40056BCDA /* Products */;
			projectDirPath = "";
			projectRoot = "";
			targets = (
				7BCF4A4C2C42B6C40056BCDA /* ErosMobile */,
			);
		};
/* End PBXProject section */

/* Begin PBXResourcesBuildPhase section */
		7BCF4A4B2C42B6C40056BCDA /* Resources */ = {
			isa = PBXResourcesBuildPhase;
			buildActionMask = 2147483647;
			files = (
				7BCF4A592C42B6C50056BCDA /* Preview Assets.xcassets in Resources */,
				7BCF4A552C42B6C50056BCDA /* Assets.xcassets in Resources */,
				7BCF4A672C42C1F60056BCDA /* SansBold.ttf in Resources */,
				7BCF4A682C42C1F60056BCDA /* SansMedium.ttf in Resources */,
				7BCF4A662C42C1F60056BCDA /* SansRegular.ttf in Resources */,
			);
			runOnlyForDeploymentPostprocessing = 0;
		};
/* End PBXResourcesBuildPhase section */

/* Begin PBXSourcesBuildPhase section */
		7BCF4A492C42B6C40056BCDA /* Sources */ = {
			isa = PBXSourcesBuildPhase;
			buildActionMask = 2147483647;
			files = (
				7BCF4A6D2C42C3600056BCDA /* Font.swift in Sources */,
				7BCF4A622C42B6EF0056BCDA /* Onboarding.swift in Sources */,
				7BCF4A532C42B6C40056BCDA /* ContentView.swift in Sources */,
				7BCF4A512C42B6C40056BCDA /* ErosMobileApp.swift in Sources */,
			);
			runOnlyForDeploymentPostprocessing = 0;
		};
/* End PBXSourcesBuildPhase section */

/* Begin XCBuildConfiguration section */
		7BCF4A5A2C42B6C50056BCDA /* Debug */ = {
			isa = XCBuildConfiguration;
			buildSettings = {
				ALWAYS_SEARCH_USER_PATHS = NO;
				ASSETCATALOG_COMPILER_GENERATE_SWIFT_ASSET_SYMBOL_EXTENSIONS = YES;
				CLANG_ANALYZER_NONNULL = YES;
				CLANG_ANALYZER_NUMBER_OBJECT_CONVERSION = YES_AGGRESSIVE;
				CLANG_CXX_LANGUAGE_STANDARD = "gnu++20";
				CLANG_ENABLE_MODULES = YES;
				CLANG_ENABLE_OBJC_ARC = YES;
				CLANG_ENABLE_OBJC_WEAK = YES;
				CLANG_WARN_BLOCK_CAPTURE_AUTORELEASING = YES;
				CLANG_WARN_BOOL_CONVERSION = YES;
				CLANG_WARN_COMMA = YES;
				CLANG_WARN_CONSTANT_CONVERSION = YES;
				CLANG_WARN_DEPRECATED_OBJC_IMPLEMENTATIONS = YES;
				CLANG_WARN_DIRECT_OBJC_ISA_USAGE = YES_ERROR;
				CLANG_WARN_DOCUMENTATION_COMMENTS = YES;
				CLANG_WARN_EMPTY_BODY = YES;
				CLANG_WARN_ENUM_CONVERSION = YES;
				CLANG_WARN_INFINITE_RECURSION = YES;
				CLANG_WARN_INT_CONVERSION = YES;
				CLANG_WARN_NON_LITERAL_NULL_CONVERSION = YES;
				CLANG_WARN_OBJC_IMPLICIT_RETAIN_SELF = YES;
				CLANG_WARN_OBJC_LITERAL_CONVERSION = YES;
				CLANG_WARN_OBJC_ROOT_CLASS = YES_ERROR;
				CLANG_WARN_QUOTED_INCLUDE_IN_FRAMEWORK_HEADER = YES;
				CLANG_WARN_RANGE_LOOP_ANALYSIS = YES;
				CLANG_WARN_STRICT_PROTOTYPES = YES;
				CLANG_WARN_SUSPICIOUS_MOVE = YES;
				CLANG_WARN_UNGUARDED_AVAILABILITY = YES_AGGRESSIVE;
				CLANG_WARN_UNREACHABLE_CODE = YES;
				CLANG_WARN__DUPLICATE_METHOD_MATCH = YES;
				COPY_PHASE_STRIP = NO;
				DEBUG_INFORMATION_FORMAT = dwarf;
				ENABLE_STRICT_OBJC_MSGSEND = YES;
				ENABLE_TESTABILITY = YES;
				ENABLE_USER_SCRIPT_SANDBOXING = YES;
				GCC_C_LANGUAGE_STANDARD = gnu17;
				GCC_DYNAMIC_NO_PIC = NO;
				GCC_NO_COMMON_BLOCKS = YES;
				GCC_OPTIMIZATION_LEVEL = 0;
				GCC_PREPROCESSOR_DEFINITIONS = (
					"DEBUG=1",
					"$(inherited)",
				);
				GCC_WARN_64_TO_32_BIT_CONVERSION = YES;
				GCC_WARN_ABOUT_RETURN_TYPE = YES_ERROR;
				GCC_WARN_UNDECLARED_SELECTOR = YES;
				GCC_WARN_UNINITIALIZED_AUTOS = YES_AGGRESSIVE;
				GCC_WARN_UNUSED_FUNCTION = YES;
				GCC_WARN_UNUSED_VARIABLE = YES;
				LOCALIZATION_PREFERS_STRING_CATALOGS = YES;
				MTL_ENABLE_DEBUG_INFO = INCLUDE_SOURCE;
				MTL_FAST_MATH = YES;
				ONLY_ACTIVE_ARCH = YES;
				SWIFT_ACTIVE_COMPILATION_CONDITIONS = "DEBUG $(inherited)";
				SWIFT_OPTIMIZATION_LEVEL = "-Onone";
			};
			name = Debug;
		};
		7BCF4A5B2C42B6C50056BCDA /* Release */ = {
			isa = XCBuildConfiguration;
			buildSettings = {
				ALWAYS_SEARCH_USER_PATHS = NO;
				ASSETCATALOG_COMPILER_GENERATE_SWIFT_ASSET_SYMBOL_EXTENSIONS = YES;
				CLANG_ANALYZER_NONNULL = YES;
				CLANG_ANALYZER_NUMBER_OBJECT_CONVERSION = YES_AGGRESSIVE;
				CLANG_CXX_LANGUAGE_STANDARD = "gnu++20";
				CLANG_ENABLE_MODULES = YES;
				CLANG_ENABLE_OBJC_ARC = YES;
				CLANG_ENABLE_OBJC_WEAK = YES;
				CLANG_WARN_BLOCK_CAPTURE_AUTORELEASING = YES;
				CLANG_WARN_BOOL_CONVERSION = YES;
				CLANG_WARN_COMMA = YES;
				CLANG_WARN_CONSTANT_CONVERSION = YES;
				CLANG_WARN_DEPRECATED_OBJC_IMPLEMENTATIONS = YES;
				CLANG_WARN_DIRECT_OBJC_ISA_USAGE = YES_ERROR;
				CLANG_WARN_DOCUMENTATION_COMMENTS = YES;
				CLANG_WARN_EMPTY_BODY = YES;
				CLANG_WARN_ENUM_CONVERSION = YES;
				CLANG_WARN_INFINITE_RECURSION = YES;
				CLANG_WARN_INT_CONVERSION = YES;
				CLANG_WARN_NON_LITERAL_NULL_CONVERSION = YES;
				CLANG_WARN_OBJC_IMPLICIT_RETAIN_SELF = YES;
				CLANG_WARN_OBJC_LITERAL_CONVERSION = YES;
				CLANG_WARN_OBJC_ROOT_CLASS = YES_ERROR;
				CLANG_WARN_QUOTED_INCLUDE_IN_FRAMEWORK_HEADER = YES;
				CLANG_WARN_RANGE_LOOP_ANALYSIS = YES;
				CLANG_WARN_STRICT_PROTOTYPES = YES;
				CLANG_WARN_SUSPICIOUS_MOVE = YES;
				CLANG_WARN_UNGUARDED_AVAILABILITY = YES_AGGRESSIVE;
				CLANG_WARN_UNREACHABLE_CODE = YES;
				CLANG_WARN__DUPLICATE_METHOD_MATCH = YES;
				COPY_PHASE_STRIP = NO;
				DEBUG_INFORMATION_FORMAT = "dwarf-with-dsym";
				ENABLE_NS_ASSERTIONS = NO;
				ENABLE_STRICT_OBJC_MSGSEND = YES;
				ENABLE_USER_SCRIPT_SANDBOXING = YES;
				GCC_C_LANGUAGE_STANDARD = gnu17;
				GCC_NO_COMMON_BLOCKS = YES;
				GCC_WARN_64_TO_32_BIT_CONVERSION = YES;
				GCC_WARN_ABOUT_RETURN_TYPE = YES_ERROR;
				GCC_WARN_UNDECLARED_SELECTOR = YES;
				GCC_WARN_UNINITIALIZED_AUTOS = YES_AGGRESSIVE;
				GCC_WARN_UNUSED_FUNCTION = YES;
				GCC_WARN_UNUSED_VARIABLE = YES;
				LOCALIZATION_PREFERS_STRING_CATALOGS = YES;
				MTL_ENABLE_DEBUG_INFO = NO;
				MTL_FAST_MATH = YES;
				SWIFT_COMPILATION_MODE = wholemodule;
			};
			name = Release;
		};
		7BCF4A5D2C42B6C50056BCDA /* Debug */ = {
			isa = XCBuildConfiguration;
			buildSettings = {
				ASSETCATALOG_COMPILER_APPICON_NAME = AppIcon;
				ASSETCATALOG_COMPILER_GLOBAL_ACCENT_COLOR_NAME = AccentColor;
				CODE_SIGN_ENTITLEMENTS = ErosMobile/ErosMobile.entitlements;
				CODE_SIGN_STYLE = Automatic;
				CURRENT_PROJECT_VERSION = 1;
				DEVELOPMENT_ASSET_PATHS = "\"ErosMobile/Preview Content\"";
				DEVELOPMENT_TEAM = 57PCP37963;
				ENABLE_HARDENED_RUNTIME = YES;
				ENABLE_PREVIEWS = YES;
				GENERATE_INFOPLIST_FILE = YES;
				INFOPLIST_FILE = ErosMobile/Info.plist;
				"INFOPLIST_KEY_UIApplicationSceneManifest_Generation[sdk=iphoneos*]" = YES;
				"INFOPLIST_KEY_UIApplicationSceneManifest_Generation[sdk=iphonesimulator*]" = YES;
				"INFOPLIST_KEY_UIApplicationSupportsIndirectInputEvents[sdk=iphoneos*]" = YES;
				"INFOPLIST_KEY_UIApplicationSupportsIndirectInputEvents[sdk=iphonesimulator*]" = YES;
				"INFOPLIST_KEY_UILaunchScreen_Generation[sdk=iphoneos*]" = YES;
				"INFOPLIST_KEY_UILaunchScreen_Generation[sdk=iphonesimulator*]" = YES;
				"INFOPLIST_KEY_UIStatusBarStyle[sdk=iphoneos*]" = UIStatusBarStyleDefault;
				"INFOPLIST_KEY_UIStatusBarStyle[sdk=iphonesimulator*]" = UIStatusBarStyleDefault;
				INFOPLIST_KEY_UISupportedInterfaceOrientations_iPad = "UIInterfaceOrientationPortrait UIInterfaceOrientationPortraitUpsideDown UIInterfaceOrientationLandscapeLeft UIInterfaceOrientationLandscapeRight";
				INFOPLIST_KEY_UISupportedInterfaceOrientations_iPhone = "UIInterfaceOrientationPortrait UIInterfaceOrientationLandscapeLeft UIInterfaceOrientationLandscapeRight";
				IPHONEOS_DEPLOYMENT_TARGET = 17.5;
				LD_RUNPATH_SEARCH_PATHS = "@executable_path/Frameworks";
				"LD_RUNPATH_SEARCH_PATHS[sdk=macosx*]" = "@executable_path/../Frameworks";
				MACOSX_DEPLOYMENT_TARGET = 14.5;
				MARKETING_VERSION = 1.0;
				PRODUCT_BUNDLE_IDENTIFIER = kehinde.ErosMobile;
				PRODUCT_NAME = "$(TARGET_NAME)";
				SDKROOT = auto;
				SUPPORTED_PLATFORMS = "iphoneos iphonesimulator macosx";
				SWIFT_EMIT_LOC_STRINGS = YES;
				SWIFT_VERSION = 5.0;
				TARGETED_DEVICE_FAMILY = "1,2";
			};
			name = Debug;
		};
		7BCF4A5E2C42B6C50056BCDA /* Release */ = {
			isa = XCBuildConfiguration;
			buildSettings = {
				ASSETCATALOG_COMPILER_APPICON_NAME = AppIcon;
				ASSETCATALOG_COMPILER_GLOBAL_ACCENT_COLOR_NAME = AccentColor;
				CODE_SIGN_ENTITLEMENTS = ErosMobile/ErosMobile.entitlements;
				CODE_SIGN_STYLE = Automatic;
				CURRENT_PROJECT_VERSION = 1;
				DEVELOPMENT_ASSET_PATHS = "\"ErosMobile/Preview Content\"";
				DEVELOPMENT_TEAM = 57PCP37963;
				ENABLE_HARDENED_RUNTIME = YES;
				ENABLE_PREVIEWS = YES;
				GENERATE_INFOPLIST_FILE = YES;
				INFOPLIST_FILE = ErosMobile/Info.plist;
				"INFOPLIST_KEY_UIApplicationSceneManifest_Generation[sdk=iphoneos*]" = YES;
				"INFOPLIST_KEY_UIApplicationSceneManifest_Generation[sdk=iphonesimulator*]" = YES;
				"INFOPLIST_KEY_UIApplicationSupportsIndirectInputEvents[sdk=iphoneos*]" = YES;
				"INFOPLIST_KEY_UIApplicationSupportsIndirectInputEvents[sdk=iphonesimulator*]" = YES;
				"INFOPLIST_KEY_UILaunchScreen_Generation[sdk=iphoneos*]" = YES;
				"INFOPLIST_KEY_UILaunchScreen_Generation[sdk=iphonesimulator*]" = YES;
				"INFOPLIST_KEY_UIStatusBarStyle[sdk=iphoneos*]" = UIStatusBarStyleDefault;
				"INFOPLIST_KEY_UIStatusBarStyle[sdk=iphonesimulator*]" = UIStatusBarStyleDefault;
				INFOPLIST_KEY_UISupportedInterfaceOrientations_iPad = "UIInterfaceOrientationPortrait UIInterfaceOrientationPortraitUpsideDown UIInterfaceOrientationLandscapeLeft UIInterfaceOrientationLandscapeRight";
				INFOPLIST_KEY_UISupportedInterfaceOrientations_iPhone = "UIInterfaceOrientationPortrait UIInterfaceOrientationLandscapeLeft UIInterfaceOrientationLandscapeRight";
				IPHONEOS_DEPLOYMENT_TARGET = 17.5;
				LD_RUNPATH_SEARCH_PATHS = "@executable_path/Frameworks";
				"LD_RUNPATH_SEARCH_PATHS[sdk=macosx*]" = "@executable_path/../Frameworks";
				MACOSX_DEPLOYMENT_TARGET = 14.5;
				MARKETING_VERSION = 1.0;
				PRODUCT_BUNDLE_IDENTIFIER = kehinde.ErosMobile;
				PRODUCT_NAME = "$(TARGET_NAME)";
				SDKROOT = auto;
				SUPPORTED_PLATFORMS = "iphoneos iphonesimulator macosx";
				SWIFT_EMIT_LOC_STRINGS = YES;
				SWIFT_VERSION = 5.0;
				TARGETED_DEVICE_FAMILY = "1,2";
			};
			name = Release;
		};
/* End XCBuildConfiguration section */

/* Begin XCConfigurationList section */
		7BCF4A482C42B6C40056BCDA /* Build configuration list for PBXProject "ErosMobile" */ = {
			isa = XCConfigurationList;
			buildConfigurations = (
				7BCF4A5A2C42B6C50056BCDA /* Debug */,
				7BCF4A5B2C42B6C50056BCDA /* Release */,
			);
			defaultConfigurationIsVisible = 0;
			defaultConfigurationName = Release;
		};
		7BCF4A5C2C42B6C50056BCDA /* Build configuration list for PBXNativeTarget "ErosMobile" */ = {
			isa = XCConfigurationList;
			buildConfigurations = (
				7BCF4A5D2C42B6C50056BCDA /* Debug */,
				7BCF4A5E2C42B6C50056BCDA /* Release */,
			);
			defaultConfigurationIsVisible = 0;
			defaultConfigurationName = Release;
		};
/* End XCConfigurationList section */
	};
	rootObject = 7BCF4A452C42B6C40056BCDA /* Project object */;
}
