// !$*UTF8*$!
{
	archiveVersion = 1;
	classes = {
	};
	objectVersion = 56;
	objects = {

/* Begin PBXBuildFile section */
		7B3E9CC72C4B2D7100880E7D /* Settings.swift in Sources */ = {isa = PBXBuildFile; fileRef = 7B3E9CC62C4B2D7100880E7D /* Settings.swift */; };
		7B3E9CC92C4B2D8300880E7D /* Home.swift in Sources */ = {isa = PBXBuildFile; fileRef = 7B3E9CC82C4B2D8300880E7D /* Home.swift */; };
		7B3E9CCB2C4B33D500880E7D /* UIScreen.swift in Sources */ = {isa = PBXBuildFile; fileRef = 7B3E9CCA2C4B33D500880E7D /* UIScreen.swift */; };
		7B3EFEF62C4990DF00C946E5 /* AppData.swift in Sources */ = {isa = PBXBuildFile; fileRef = 7B3EFEF52C4990DF00C946E5 /* AppData.swift */; };
		7BA5AD242C478C6700056DD0 /* SignUp.swift in Sources */ = {isa = PBXBuildFile; fileRef = 7BA5AD232C478C6700056DD0 /* SignUp.swift */; };
		7BA5AD292C47901900056DD0 /* Api.swift in Sources */ = {isa = PBXBuildFile; fileRef = 7BA5AD282C47901900056DD0 /* Api.swift */; };
		7BA5AD2B2C47C8FC00056DD0 /* Navigation.swift in Sources */ = {isa = PBXBuildFile; fileRef = 7BA5AD2A2C47C8FC00056DD0 /* Navigation.swift */; };
		7BA5AD2D2C47E99300056DD0 /* AuthModel.swift in Sources */ = {isa = PBXBuildFile; fileRef = 7BA5AD2C2C47E99300056DD0 /* AuthModel.swift */; };
		7BB708812C5651210027DAEA /* AppTextField.swift in Sources */ = {isa = PBXBuildFile; fileRef = 7BB708802C5651210027DAEA /* AppTextField.swift */; };
		7BB708842C5669A20027DAEA /* JWTDecode in Frameworks */ = {isa = PBXBuildFile; productRef = 7BB708832C5669A20027DAEA /* JWTDecode */; };
		7BB708862C56B65B0027DAEA /* LocalStorage.swift in Sources */ = {isa = PBXBuildFile; fileRef = 7BB708852C56B65B0027DAEA /* LocalStorage.swift */; };
		7BB989112C692FD400093C4C /* AlerView.swift in Sources */ = {isa = PBXBuildFile; fileRef = 7BB989102C692FD400093C4C /* AlerView.swift */; };
		7BC054782C4B1884002CD967 /* Layout.swift in Sources */ = {isa = PBXBuildFile; fileRef = 7BC054772C4B1884002CD967 /* Layout.swift */; };
		7BCF4A512C42B6C40056BCDA /* ErosMobileApp.swift in Sources */ = {isa = PBXBuildFile; fileRef = 7BCF4A502C42B6C40056BCDA /* ErosMobileApp.swift */; };
		7BCF4A532C42B6C40056BCDA /* ContentView.swift in Sources */ = {isa = PBXBuildFile; fileRef = 7BCF4A522C42B6C40056BCDA /* ContentView.swift */; };
		7BCF4A552C42B6C50056BCDA /* Assets.xcassets in Resources */ = {isa = PBXBuildFile; fileRef = 7BCF4A542C42B6C50056BCDA /* Assets.xcassets */; };
		7BCF4A592C42B6C50056BCDA /* Preview Assets.xcassets in Resources */ = {isa = PBXBuildFile; fileRef = 7BCF4A582C42B6C50056BCDA /* Preview Assets.xcassets */; };
		7BCF4A622C42B6EF0056BCDA /* Onboarding.swift in Sources */ = {isa = PBXBuildFile; fileRef = 7BCF4A612C42B6EF0056BCDA /* Onboarding.swift */; };
		7BCF4A662C42C1F60056BCDA /* SansRegular.ttf in Resources */ = {isa = PBXBuildFile; fileRef = 7BCF4A632C42C1F60056BCDA /* SansRegular.ttf */; };
		7BCF4A672C42C1F60056BCDA /* SansBold.ttf in Resources */ = {isa = PBXBuildFile; fileRef = 7BCF4A642C42C1F60056BCDA /* SansBold.ttf */; };
		7BCF4A682C42C1F60056BCDA /* SansMedium.ttf in Resources */ = {isa = PBXBuildFile; fileRef = 7BCF4A652C42C1F60056BCDA /* SansMedium.ttf */; };
		7BCF4A6D2C42C3600056BCDA /* Font.swift in Sources */ = {isa = PBXBuildFile; fileRef = 7BCF4A6C2C42C3600056BCDA /* Font.swift */; };
		7BDE772F2C469B8900415B14 /* OnboardingModel.swift in Sources */ = {isa = PBXBuildFile; fileRef = 7BDE772E2C469B8900415B14 /* OnboardingModel.swift */; };
		7BDE77352C46B15700415B14 /* CustomButtonStyle.swift in Sources */ = {isa = PBXBuildFile; fileRef = 7BDE77342C46B15700415B14 /* CustomButtonStyle.swift */; };
		7BDE77382C46B6F000415B14 /* Auth.swift in Sources */ = {isa = PBXBuildFile; fileRef = 7BDE77372C46B6F000415B14 /* Auth.swift */; };
		7BDE773A2C46BAA700415B14 /* BottomTab.swift in Sources */ = {isa = PBXBuildFile; fileRef = 7BDE77392C46BAA700415B14 /* BottomTab.swift */; };
		7BFD931C2C68224B003A9925 /* Alert.swift in Sources */ = {isa = PBXBuildFile; fileRef = 7BFD931B2C68224B003A9925 /* Alert.swift */; };
		7BFD931E2C682265003A9925 /* View.swift in Sources */ = {isa = PBXBuildFile; fileRef = 7BFD931D2C682265003A9925 /* View.swift */; };
/* End PBXBuildFile section */

/* Begin PBXFileReference section */
		7B3E9CC62C4B2D7100880E7D /* Settings.swift */ = {isa = PBXFileReference; lastKnownFileType = sourcecode.swift; path = Settings.swift; sourceTree = "<group>"; };
		7B3E9CC82C4B2D8300880E7D /* Home.swift */ = {isa = PBXFileReference; lastKnownFileType = sourcecode.swift; path = Home.swift; sourceTree = "<group>"; };
		7B3E9CCA2C4B33D500880E7D /* UIScreen.swift */ = {isa = PBXFileReference; lastKnownFileType = sourcecode.swift; path = UIScreen.swift; sourceTree = "<group>"; };
		7B3EFEF52C4990DF00C946E5 /* AppData.swift */ = {isa = PBXFileReference; lastKnownFileType = sourcecode.swift; path = AppData.swift; sourceTree = "<group>"; };
		7BA5AD232C478C6700056DD0 /* SignUp.swift */ = {isa = PBXFileReference; lastKnownFileType = sourcecode.swift; path = SignUp.swift; sourceTree = "<group>"; };
		7BA5AD282C47901900056DD0 /* Api.swift */ = {isa = PBXFileReference; lastKnownFileType = sourcecode.swift; path = Api.swift; sourceTree = "<group>"; };
		7BA5AD2A2C47C8FC00056DD0 /* Navigation.swift */ = {isa = PBXFileReference; lastKnownFileType = sourcecode.swift; path = Navigation.swift; sourceTree = "<group>"; };
		7BA5AD2C2C47E99300056DD0 /* AuthModel.swift */ = {isa = PBXFileReference; lastKnownFileType = sourcecode.swift; path = AuthModel.swift; sourceTree = "<group>"; };
		7BB708802C5651210027DAEA /* AppTextField.swift */ = {isa = PBXFileReference; lastKnownFileType = sourcecode.swift; path = AppTextField.swift; sourceTree = "<group>"; };
		7BB708852C56B65B0027DAEA /* LocalStorage.swift */ = {isa = PBXFileReference; lastKnownFileType = sourcecode.swift; path = LocalStorage.swift; sourceTree = "<group>"; };
		7BB989102C692FD400093C4C /* AlerView.swift */ = {isa = PBXFileReference; lastKnownFileType = sourcecode.swift; path = AlerView.swift; sourceTree = "<group>"; };
		7BC054772C4B1884002CD967 /* Layout.swift */ = {isa = PBXFileReference; lastKnownFileType = sourcecode.swift; path = Layout.swift; sourceTree = "<group>"; };
		7BCF4A4D2C42B6C40056BCDA /* ErosMobile.app */ = {isa = PBXFileReference; explicitFileType = wrapper.application; includeInIndex = 0; path = ErosMobile.app; sourceTree = BUILT_PRODUCTS_DIR; };
		7BCF4A502C42B6C40056BCDA /* ErosMobileApp.swift */ = {isa = PBXFileReference; lastKnownFileType = sourcecode.swift; path = ErosMobileApp.swift; sourceTree = "<group>"; };
		7BCF4A522C42B6C40056BCDA /* ContentView.swift */ = {isa = PBXFileReference; lastKnownFileType = sourcecode.swift; path = ContentView.swift; sourceTree = "<group>"; };
		7BCF4A542C42B6C50056BCDA /* Assets.xcassets */ = {isa = PBXFileReference; lastKnownFileType = folder.assetcatalog; path = Assets.xcassets; sourceTree = "<group>"; };
		7BCF4A562C42B6C50056BCDA /* ErosMobile.entitlements */ = {isa = PBXFileReference; lastKnownFileType = text.plist.entitlements; path = ErosMobile.entitlements; sourceTree = "<group>"; };
		7BCF4A582C42B6C50056BCDA /* Preview Assets.xcassets */ = {isa = PBXFileReference; lastKnownFileType = folder.assetcatalog; path = "Preview Assets.xcassets"; sourceTree = "<group>"; };
		7BCF4A612C42B6EF0056BCDA /* Onboarding.swift */ = {isa = PBXFileReference; lastKnownFileType = sourcecode.swift; path = Onboarding.swift; sourceTree = "<group>"; };
		7BCF4A632C42C1F60056BCDA /* SansRegular.ttf */ = {isa = PBXFileReference; lastKnownFileType = file; path = SansRegular.ttf; sourceTree = "<group>"; };
		7BCF4A642C42C1F60056BCDA /* SansBold.ttf */ = {isa = PBXFileReference; lastKnownFileType = file; path = SansBold.ttf; sourceTree = "<group>"; };
		7BCF4A652C42C1F60056BCDA /* SansMedium.ttf */ = {isa = PBXFileReference; lastKnownFileType = file; path = SansMedium.ttf; sourceTree = "<group>"; };
		7BCF4A6A2C42C24D0056BCDA /* Info.plist */ = {isa = PBXFileReference; lastKnownFileType = text.plist; path = Info.plist; sourceTree = "<group>"; };
		7BCF4A6C2C42C3600056BCDA /* Font.swift */ = {isa = PBXFileReference; lastKnownFileType = sourcecode.swift; path = Font.swift; sourceTree = "<group>"; };
		7BDE772E2C469B8900415B14 /* OnboardingModel.swift */ = {isa = PBXFileReference; lastKnownFileType = sourcecode.swift; path = OnboardingModel.swift; sourceTree = "<group>"; };
		7BDE77342C46B15700415B14 /* CustomButtonStyle.swift */ = {isa = PBXFileReference; lastKnownFileType = sourcecode.swift; path = CustomButtonStyle.swift; sourceTree = "<group>"; };
		7BDE77372C46B6F000415B14 /* Auth.swift */ = {isa = PBXFileReference; lastKnownFileType = sourcecode.swift; path = Auth.swift; sourceTree = "<group>"; };
		7BDE77392C46BAA700415B14 /* BottomTab.swift */ = {isa = PBXFileReference; lastKnownFileType = sourcecode.swift; path = BottomTab.swift; sourceTree = "<group>"; };
		7BFD931B2C68224B003A9925 /* Alert.swift */ = {isa = PBXFileReference; lastKnownFileType = sourcecode.swift; path = Alert.swift; sourceTree = "<group>"; };
		7BFD931D2C682265003A9925 /* View.swift */ = {isa = PBXFileReference; lastKnownFileType = sourcecode.swift; path = View.swift; sourceTree = "<group>"; };
/* End PBXFileReference section */

/* Begin PBXFrameworksBuildPhase section */
		7BCF4A4A2C42B6C40056BCDA /* Frameworks */ = {
			isa = PBXFrameworksBuildPhase;
			buildActionMask = 2147483647;
			files = (
				7BB708842C5669A20027DAEA /* JWTDecode in Frameworks */,
			);
			runOnlyForDeploymentPostprocessing = 0;
		};
/* End PBXFrameworksBuildPhase section */

/* Begin PBXGroup section */
		7B3E9CC52C4B2D6600880E7D /* Settings */ = {
			isa = PBXGroup;
			children = (
				7B3E9CC62C4B2D7100880E7D /* Settings.swift */,
			);
			path = Settings;
			sourceTree = "<group>";
		};
		7B3EFEF42C4990C900C946E5 /* Data */ = {
			isa = PBXGroup;
			children = (
				7B3EFEF52C4990DF00C946E5 /* AppData.swift */,
			);
			path = Data;
			sourceTree = "<group>";
		};
		7BA5AD272C47900200056DD0 /* Utilities */ = {
			isa = PBXGroup;
			children = (
				7BA5AD282C47901900056DD0 /* Api.swift */,
				7BB708852C56B65B0027DAEA /* LocalStorage.swift */,
				7BFD931B2C68224B003A9925 /* Alert.swift */,
			);
			path = Utilities;
			sourceTree = "<group>";
		};
		7BC054762C4B1871002CD967 /* Main */ = {
			isa = PBXGroup;
			children = (
				7B3E9CC52C4B2D6600880E7D /* Settings */,
				7BC054792C4B188A002CD967 /* Home */,
				7BC054772C4B1884002CD967 /* Layout.swift */,
			);
			path = Main;
			sourceTree = "<group>";
		};
		7BC054792C4B188A002CD967 /* Home */ = {
			isa = PBXGroup;
			children = (
				7B3E9CC82C4B2D8300880E7D /* Home.swift */,
			);
			path = Home;
			sourceTree = "<group>";
		};
		7BCF4A442C42B6C40056BCDA = {
			isa = PBXGroup;
			children = (
				7BCF4A4F2C42B6C40056BCDA /* ErosMobile */,
				7BCF4A4E2C42B6C40056BCDA /* Products */,
			);
			sourceTree = "<group>";
		};
		7BCF4A4E2C42B6C40056BCDA /* Products */ = {
			isa = PBXGroup;
			children = (
				7BCF4A4D2C42B6C40056BCDA /* ErosMobile.app */,
			);
			name = Products;
			sourceTree = "<group>";
		};
		7BCF4A4F2C42B6C40056BCDA /* ErosMobile */ = {
			isa = PBXGroup;
			children = (
				7B3EFEF42C4990C900C946E5 /* Data */,
				7BA5AD272C47900200056DD0 /* Utilities */,
				7BDE77332C46B14700415B14 /* Design */,
				7BDE77302C46AA6E00415B14 /* Components */,
				7BDE772D2C469B7B00415B14 /* Model */,
				7BCF4A6B2C42C34F0056BCDA /* Extensions */,
				7BCF4A6A2C42C24D0056BCDA /* Info.plist */,
				7BCF4A692C42C2040056BCDA /* Fonts */,
				7BCF4A5F2C42B6D10056BCDA /* Screens */,
				7BCF4A502C42B6C40056BCDA /* ErosMobileApp.swift */,
				7BCF4A522C42B6C40056BCDA /* ContentView.swift */,
				7BCF4A542C42B6C50056BCDA /* Assets.xcassets */,
				7BCF4A562C42B6C50056BCDA /* ErosMobile.entitlements */,
				7BCF4A572C42B6C50056BCDA /* Preview Content */,
			);
			path = ErosMobile;
			sourceTree = "<group>";
		};
		7BCF4A572C42B6C50056BCDA /* Preview Content */ = {
			isa = PBXGroup;
			children = (
				7BCF4A582C42B6C50056BCDA /* Preview Assets.xcassets */,
			);
			path = "Preview Content";
			sourceTree = "<group>";
		};
		7BCF4A5F2C42B6D10056BCDA /* Screens */ = {
			isa = PBXGroup;
			children = (
				7BC054762C4B1871002CD967 /* Main */,
				7BDE77362C46B6E100415B14 /* Auth */,
				7BCF4A602C42B6DE0056BCDA /* Onboarding */,
			);
			path = Screens;
			sourceTree = "<group>";
		};
		7BCF4A602C42B6DE0056BCDA /* Onboarding */ = {
			isa = PBXGroup;
			children = (
				7BCF4A612C42B6EF0056BCDA /* Onboarding.swift */,
			);
			path = Onboarding;
			sourceTree = "<group>";
		};
		7BCF4A692C42C2040056BCDA /* Fonts */ = {
			isa = PBXGroup;
			children = (
				7BCF4A642C42C1F60056BCDA /* SansBold.ttf */,
				7BCF4A652C42C1F60056BCDA /* SansMedium.ttf */,
				7BCF4A632C42C1F60056BCDA /* SansRegular.ttf */,
			);
			path = Fonts;
			sourceTree = "<group>";
		};
		7BCF4A6B2C42C34F0056BCDA /* Extensions */ = {
			isa = PBXGroup;
			children = (
				7BCF4A6C2C42C3600056BCDA /* Font.swift */,
				7BA5AD2A2C47C8FC00056DD0 /* Navigation.swift */,
				7B3E9CCA2C4B33D500880E7D /* UIScreen.swift */,
				7BFD931D2C682265003A9925 /* View.swift */,
			);
			path = Extensions;
			sourceTree = "<group>";
		};
		7BDE772D2C469B7B00415B14 /* Model */ = {
			isa = PBXGroup;
			children = (
				7BDE772E2C469B8900415B14 /* OnboardingModel.swift */,
				7BA5AD2C2C47E99300056DD0 /* AuthModel.swift */,
			);
			path = Model;
			sourceTree = "<group>";
		};
		7BDE77302C46AA6E00415B14 /* Components */ = {
			isa = PBXGroup;
			children = (
				7BDE77392C46BAA700415B14 /* BottomTab.swift */,
				7BB708802C5651210027DAEA /* AppTextField.swift */,
				7BB989102C692FD400093C4C /* AlerView.swift */,
			);
			path = Components;
			sourceTree = "<group>";
		};
		7BDE77332C46B14700415B14 /* Design */ = {
			isa = PBXGroup;
			children = (
				7BDE77342C46B15700415B14 /* CustomButtonStyle.swift */,
			);
			path = Design;
			sourceTree = "<group>";
		};
		7BDE77362C46B6E100415B14 /* Auth */ = {
			isa = PBXGroup;
			children = (
				7BDE77372C46B6F000415B14 /* Auth.swift */,
				7BA5AD232C478C6700056DD0 /* SignUp.swift */,
			);
			path = Auth;
			sourceTree = "<group>";
		};
/* End PBXGroup section */

/* Begin PBXNativeTarget section */
		7BCF4A4C2C42B6C40056BCDA /* ErosMobile */ = {
			isa = PBXNativeTarget;
			buildConfigurationList = 7BCF4A5C2C42B6C50056BCDA /* Build configuration list for PBXNativeTarget "ErosMobile" */;
			buildPhases = (
				7BCF4A492C42B6C40056BCDA /* Sources */,
				7BCF4A4A2C42B6C40056BCDA /* Frameworks */,
				7BCF4A4B2C42B6C40056BCDA /* Resources */,
			);
			buildRules = (
			);
			dependencies = (
			);
			name = ErosMobile;
			packageProductDependencies = (
				7BB708832C5669A20027DAEA /* JWTDecode */,
			);
			productName = ErosMobile;
			productReference = 7BCF4A4D2C42B6C40056BCDA /* ErosMobile.app */;
			productType = "com.apple.product-type.application";
		};
/* End PBXNativeTarget section */

/* Begin PBXProject section */
		7BCF4A452C42B6C40056BCDA /* Project object */ = {
			isa = PBXProject;
			attributes = {
				BuildIndependentTargetsInParallel = 1;
				LastSwiftUpdateCheck = 1540;
				LastUpgradeCheck = 1540;
				TargetAttributes = {
					7BCF4A4C2C42B6C40056BCDA = {
						CreatedOnToolsVersion = 15.4;
					};
				};
			};
			buildConfigurationList = 7BCF4A482C42B6C40056BCDA /* Build configuration list for PBXProject "ErosMobile" */;
			compatibilityVersion = "Xcode 14.0";
			developmentRegion = en;
			hasScannedForEncodings = 0;
			knownRegions = (
				en,
				Base,
			);
			mainGroup = 7BCF4A442C42B6C40056BCDA;
			packageReferences = (
				7BB708822C5669A20027DAEA /* XCRemoteSwiftPackageReference "JWTDecode.swift" */,
			);
			productRefGroup = 7BCF4A4E2C42B6C40056BCDA /* Products */;
			projectDirPath = "";
			projectRoot = "";
			targets = (
				7BCF4A4C2C42B6C40056BCDA /* ErosMobile */,
			);
		};
/* End PBXProject section */

/* Begin PBXResourcesBuildPhase section */
		7BCF4A4B2C42B6C40056BCDA /* Resources */ = {
			isa = PBXResourcesBuildPhase;
			buildActionMask = 2147483647;
			files = (
				7BCF4A592C42B6C50056BCDA /* Preview Assets.xcassets in Resources */,
				7BCF4A552C42B6C50056BCDA /* Assets.xcassets in Resources */,
				7BCF4A672C42C1F60056BCDA /* SansBold.ttf in Resources */,
				7BCF4A682C42C1F60056BCDA /* SansMedium.ttf in Resources */,
				7BCF4A662C42C1F60056BCDA /* SansRegular.ttf in Resources */,
			);
			runOnlyForDeploymentPostprocessing = 0;
		};
/* End PBXResourcesBuildPhase section */

/* Begin PBXSourcesBuildPhase section */
		7BCF4A492C42B6C40056BCDA /* Sources */ = {
			isa = PBXSourcesBuildPhase;
			buildActionMask = 2147483647;
			files = (
				7B3EFEF62C4990DF00C946E5 /* AppData.swift in Sources */,
				7BDE77352C46B15700415B14 /* CustomButtonStyle.swift in Sources */,
				7BCF4A6D2C42C3600056BCDA /* Font.swift in Sources */,
				7BCF4A622C42B6EF0056BCDA /* Onboarding.swift in Sources */,
				7BA5AD2B2C47C8FC00056DD0 /* Navigation.swift in Sources */,
				7BFD931E2C682265003A9925 /* View.swift in Sources */,
				7BB708862C56B65B0027DAEA /* LocalStorage.swift in Sources */,
				7BDE772F2C469B8900415B14 /* OnboardingModel.swift in Sources */,
				7B3E9CCB2C4B33D500880E7D /* UIScreen.swift in Sources */,
				7BDE77382C46B6F000415B14 /* Auth.swift in Sources */,
				7BB989112C692FD400093C4C /* AlerView.swift in Sources */,
				7BCF4A532C42B6C40056BCDA /* ContentView.swift in Sources */,
				7BDE773A2C46BAA700415B14 /* BottomTab.swift in Sources */,
				7B3E9CC72C4B2D7100880E7D /* Settings.swift in Sources */,
				7BB708812C5651210027DAEA /* AppTextField.swift in Sources */,
				7BA5AD242C478C6700056DD0 /* SignUp.swift in Sources */,
				7BA5AD292C47901900056DD0 /* Api.swift in Sources */,
				7BC054782C4B1884002CD967 /* Layout.swift in Sources */,
				7BCF4A512C42B6C40056BCDA /* ErosMobileApp.swift in Sources */,
				7B3E9CC92C4B2D8300880E7D /* Home.swift in Sources */,
				7BFD931C2C68224B003A9925 /* Alert.swift in Sources */,
				7BA5AD2D2C47E99300056DD0 /* AuthModel.swift in Sources */,
			);
			runOnlyForDeploymentPostprocessing = 0;
		};
/* End PBXSourcesBuildPhase section */

/* Begin XCBuildConfiguration section */
		7BCF4A5A2C42B6C50056BCDA /* Debug */ = {
			isa = XCBuildConfiguration;
			buildSettings = {
				ALWAYS_SEARCH_USER_PATHS = NO;
				ASSETCATALOG_COMPILER_GENERATE_SWIFT_ASSET_SYMBOL_EXTENSIONS = YES;
				CLANG_ANALYZER_NONNULL = YES;
				CLANG_ANALYZER_NUMBER_OBJECT_CONVERSION = YES_AGGRESSIVE;
				CLANG_CXX_LANGUAGE_STANDARD = "gnu++20";
				CLANG_ENABLE_MODULES = YES;
				CLANG_ENABLE_OBJC_ARC = YES;
				CLANG_ENABLE_OBJC_WEAK = YES;
				CLANG_WARN_BLOCK_CAPTURE_AUTORELEASING = YES;
				CLANG_WARN_BOOL_CONVERSION = YES;
				CLANG_WARN_COMMA = YES;
				CLANG_WARN_CONSTANT_CONVERSION = YES;
				CLANG_WARN_DEPRECATED_OBJC_IMPLEMENTATIONS = YES;
				CLANG_WARN_DIRECT_OBJC_ISA_USAGE = YES_ERROR;
				CLANG_WARN_DOCUMENTATION_COMMENTS = YES;
				CLANG_WARN_EMPTY_BODY = YES;
				CLANG_WARN_ENUM_CONVERSION = YES;
				CLANG_WARN_INFINITE_RECURSION = YES;
				CLANG_WARN_INT_CONVERSION = YES;
				CLANG_WARN_NON_LITERAL_NULL_CONVERSION = YES;
				CLANG_WARN_OBJC_IMPLICIT_RETAIN_SELF = YES;
				CLANG_WARN_OBJC_LITERAL_CONVERSION = YES;
				CLANG_WARN_OBJC_ROOT_CLASS = YES_ERROR;
				CLANG_WARN_QUOTED_INCLUDE_IN_FRAMEWORK_HEADER = YES;
				CLANG_WARN_RANGE_LOOP_ANALYSIS = YES;
				CLANG_WARN_STRICT_PROTOTYPES = YES;
				CLANG_WARN_SUSPICIOUS_MOVE = YES;
				CLANG_WARN_UNGUARDED_AVAILABILITY = YES_AGGRESSIVE;
				CLANG_WARN_UNREACHABLE_CODE = YES;
				CLANG_WARN__DUPLICATE_METHOD_MATCH = YES;
				COPY_PHASE_STRIP = NO;
				DEBUG_INFORMATION_FORMAT = dwarf;
				ENABLE_STRICT_OBJC_MSGSEND = YES;
				ENABLE_TESTABILITY = YES;
				ENABLE_USER_SCRIPT_SANDBOXING = YES;
				GCC_C_LANGUAGE_STANDARD = gnu17;
				GCC_DYNAMIC_NO_PIC = NO;
				GCC_NO_COMMON_BLOCKS = YES;
				GCC_OPTIMIZATION_LEVEL = 0;
				GCC_PREPROCESSOR_DEFINITIONS = (
					"DEBUG=1",
					"$(inherited)",
				);
				GCC_WARN_64_TO_32_BIT_CONVERSION = YES;
				GCC_WARN_ABOUT_RETURN_TYPE = YES_ERROR;
				GCC_WARN_UNDECLARED_SELECTOR = YES;
				GCC_WARN_UNINITIALIZED_AUTOS = YES_AGGRESSIVE;
				GCC_WARN_UNUSED_FUNCTION = YES;
				GCC_WARN_UNUSED_VARIABLE = YES;
				LOCALIZATION_PREFERS_STRING_CATALOGS = YES;
				MTL_ENABLE_DEBUG_INFO = INCLUDE_SOURCE;
				MTL_FAST_MATH = YES;
				ONLY_ACTIVE_ARCH = YES;
				SWIFT_ACTIVE_COMPILATION_CONDITIONS = "DEBUG $(inherited)";
				SWIFT_OPTIMIZATION_LEVEL = "-Onone";
			};
			name = Debug;
		};
		7BCF4A5B2C42B6C50056BCDA /* Release */ = {
			isa = XCBuildConfiguration;
			buildSettings = {
				ALWAYS_SEARCH_USER_PATHS = NO;
				ASSETCATALOG_COMPILER_GENERATE_SWIFT_ASSET_SYMBOL_EXTENSIONS = YES;
				CLANG_ANALYZER_NONNULL = YES;
				CLANG_ANALYZER_NUMBER_OBJECT_CONVERSION = YES_AGGRESSIVE;
				CLANG_CXX_LANGUAGE_STANDARD = "gnu++20";
				CLANG_ENABLE_MODULES = YES;
				CLANG_ENABLE_OBJC_ARC = YES;
				CLANG_ENABLE_OBJC_WEAK = YES;
				CLANG_WARN_BLOCK_CAPTURE_AUTORELEASING = YES;
				CLANG_WARN_BOOL_CONVERSION = YES;
				CLANG_WARN_COMMA = YES;
				CLANG_WARN_CONSTANT_CONVERSION = YES;
				CLANG_WARN_DEPRECATED_OBJC_IMPLEMENTATIONS = YES;
				CLANG_WARN_DIRECT_OBJC_ISA_USAGE = YES_ERROR;
				CLANG_WARN_DOCUMENTATION_COMMENTS = YES;
				CLANG_WARN_EMPTY_BODY = YES;
				CLANG_WARN_ENUM_CONVERSION = YES;
				CLANG_WARN_INFINITE_RECURSION = YES;
				CLANG_WARN_INT_CONVERSION = YES;
				CLANG_WARN_NON_LITERAL_NULL_CONVERSION = YES;
				CLANG_WARN_OBJC_IMPLICIT_RETAIN_SELF = YES;
				CLANG_WARN_OBJC_LITERAL_CONVERSION = YES;
				CLANG_WARN_OBJC_ROOT_CLASS = YES_ERROR;
				CLANG_WARN_QUOTED_INCLUDE_IN_FRAMEWORK_HEADER = YES;
				CLANG_WARN_RANGE_LOOP_ANALYSIS = YES;
				CLANG_WARN_STRICT_PROTOTYPES = YES;
				CLANG_WARN_SUSPICIOUS_MOVE = YES;
				CLANG_WARN_UNGUARDED_AVAILABILITY = YES_AGGRESSIVE;
				CLANG_WARN_UNREACHABLE_CODE = YES;
				CLANG_WARN__DUPLICATE_METHOD_MATCH = YES;
				COPY_PHASE_STRIP = NO;
				DEBUG_INFORMATION_FORMAT = "dwarf-with-dsym";
				ENABLE_NS_ASSERTIONS = NO;
				ENABLE_STRICT_OBJC_MSGSEND = YES;
				ENABLE_USER_SCRIPT_SANDBOXING = YES;
				GCC_C_LANGUAGE_STANDARD = gnu17;
				GCC_NO_COMMON_BLOCKS = YES;
				GCC_WARN_64_TO_32_BIT_CONVERSION = YES;
				GCC_WARN_ABOUT_RETURN_TYPE = YES_ERROR;
				GCC_WARN_UNDECLARED_SELECTOR = YES;
				GCC_WARN_UNINITIALIZED_AUTOS = YES_AGGRESSIVE;
				GCC_WARN_UNUSED_FUNCTION = YES;
				GCC_WARN_UNUSED_VARIABLE = YES;
				LOCALIZATION_PREFERS_STRING_CATALOGS = YES;
				MTL_ENABLE_DEBUG_INFO = NO;
				MTL_FAST_MATH = YES;
				SWIFT_COMPILATION_MODE = wholemodule;
			};
			name = Release;
		};
		7BCF4A5D2C42B6C50056BCDA /* Debug */ = {
			isa = XCBuildConfiguration;
			buildSettings = {
				ASSETCATALOG_COMPILER_APPICON_NAME = AppIcon;
				ASSETCATALOG_COMPILER_GLOBAL_ACCENT_COLOR_NAME = AccentColor;
				CODE_SIGN_ENTITLEMENTS = ErosMobile/ErosMobile.entitlements;
				CODE_SIGN_STYLE = Automatic;
				CURRENT_PROJECT_VERSION = 1;
				DEVELOPMENT_ASSET_PATHS = "\"ErosMobile/Preview Content\"";
				DEVELOPMENT_TEAM = 57PCP37963;
				ENABLE_HARDENED_RUNTIME = YES;
				ENABLE_PREVIEWS = YES;
				GENERATE_INFOPLIST_FILE = YES;
				INFOPLIST_FILE = ErosMobile/Info.plist;
				"INFOPLIST_KEY_UIApplicationSceneManifest_Generation[sdk=iphoneos*]" = YES;
				"INFOPLIST_KEY_UIApplicationSceneManifest_Generation[sdk=iphonesimulator*]" = YES;
				"INFOPLIST_KEY_UIApplicationSupportsIndirectInputEvents[sdk=iphoneos*]" = YES;
				"INFOPLIST_KEY_UIApplicationSupportsIndirectInputEvents[sdk=iphonesimulator*]" = YES;
				"INFOPLIST_KEY_UILaunchScreen_Generation[sdk=iphoneos*]" = YES;
				"INFOPLIST_KEY_UILaunchScreen_Generation[sdk=iphonesimulator*]" = YES;
				"INFOPLIST_KEY_UIStatusBarStyle[sdk=iphoneos*]" = UIStatusBarStyleDefault;
				"INFOPLIST_KEY_UIStatusBarStyle[sdk=iphonesimulator*]" = UIStatusBarStyleDefault;
				INFOPLIST_KEY_UISupportedInterfaceOrientations_iPad = "UIInterfaceOrientationPortrait UIInterfaceOrientationPortraitUpsideDown UIInterfaceOrientationLandscapeLeft UIInterfaceOrientationLandscapeRight";
				INFOPLIST_KEY_UISupportedInterfaceOrientations_iPhone = "UIInterfaceOrientationPortrait UIInterfaceOrientationLandscapeLeft UIInterfaceOrientationLandscapeRight";
				IPHONEOS_DEPLOYMENT_TARGET = 17.0;
				LD_RUNPATH_SEARCH_PATHS = "@executable_path/Frameworks";
				"LD_RUNPATH_SEARCH_PATHS[sdk=macosx*]" = "@executable_path/../Frameworks";
				MACOSX_DEPLOYMENT_TARGET = 14.5;
				MARKETING_VERSION = 1.0;
				PRODUCT_BUNDLE_IDENTIFIER = kehinde.ErosMobile;
				PRODUCT_NAME = "$(TARGET_NAME)";
				SDKROOT = auto;
				SUPPORTED_PLATFORMS = "iphoneos iphonesimulator macosx";
				SWIFT_EMIT_LOC_STRINGS = YES;
				SWIFT_VERSION = 5.0;
				TARGETED_DEVICE_FAMILY = "1,2";
			};
			name = Debug;
		};
		7BCF4A5E2C42B6C50056BCDA /* Release */ = {
			isa = XCBuildConfiguration;
			buildSettings = {
				ASSETCATALOG_COMPILER_APPICON_NAME = AppIcon;
				ASSETCATALOG_COMPILER_GLOBAL_ACCENT_COLOR_NAME = AccentColor;
				CODE_SIGN_ENTITLEMENTS = ErosMobile/ErosMobile.entitlements;
				CODE_SIGN_STYLE = Automatic;
				CURRENT_PROJECT_VERSION = 1;
				DEVELOPMENT_ASSET_PATHS = "\"ErosMobile/Preview Content\"";
				DEVELOPMENT_TEAM = 57PCP37963;
				ENABLE_HARDENED_RUNTIME = YES;
				ENABLE_PREVIEWS = YES;
				GENERATE_INFOPLIST_FILE = YES;
				INFOPLIST_FILE = ErosMobile/Info.plist;
				"INFOPLIST_KEY_UIApplicationSceneManifest_Generation[sdk=iphoneos*]" = YES;
				"INFOPLIST_KEY_UIApplicationSceneManifest_Generation[sdk=iphonesimulator*]" = YES;
				"INFOPLIST_KEY_UIApplicationSupportsIndirectInputEvents[sdk=iphoneos*]" = YES;
				"INFOPLIST_KEY_UIApplicationSupportsIndirectInputEvents[sdk=iphonesimulator*]" = YES;
				"INFOPLIST_KEY_UILaunchScreen_Generation[sdk=iphoneos*]" = YES;
				"INFOPLIST_KEY_UILaunchScreen_Generation[sdk=iphonesimulator*]" = YES;
				"INFOPLIST_KEY_UIStatusBarStyle[sdk=iphoneos*]" = UIStatusBarStyleDefault;
				"INFOPLIST_KEY_UIStatusBarStyle[sdk=iphonesimulator*]" = UIStatusBarStyleDefault;
				INFOPLIST_KEY_UISupportedInterfaceOrientations_iPad = "UIInterfaceOrientationPortrait UIInterfaceOrientationPortraitUpsideDown UIInterfaceOrientationLandscapeLeft UIInterfaceOrientationLandscapeRight";
				INFOPLIST_KEY_UISupportedInterfaceOrientations_iPhone = "UIInterfaceOrientationPortrait UIInterfaceOrientationLandscapeLeft UIInterfaceOrientationLandscapeRight";
				IPHONEOS_DEPLOYMENT_TARGET = 17.0;
				LD_RUNPATH_SEARCH_PATHS = "@executable_path/Frameworks";
				"LD_RUNPATH_SEARCH_PATHS[sdk=macosx*]" = "@executable_path/../Frameworks";
				MACOSX_DEPLOYMENT_TARGET = 14.5;
				MARKETING_VERSION = 1.0;
				PRODUCT_BUNDLE_IDENTIFIER = kehinde.ErosMobile;
				PRODUCT_NAME = "$(TARGET_NAME)";
				SDKROOT = auto;
				SUPPORTED_PLATFORMS = "iphoneos iphonesimulator macosx";
				SWIFT_EMIT_LOC_STRINGS = YES;
				SWIFT_VERSION = 5.0;
				TARGETED_DEVICE_FAMILY = "1,2";
			};
			name = Release;
		};
/* End XCBuildConfiguration section */

/* Begin XCConfigurationList section */
		7BCF4A482C42B6C40056BCDA /* Build configuration list for PBXProject "ErosMobile" */ = {
			isa = XCConfigurationList;
			buildConfigurations = (
				7BCF4A5A2C42B6C50056BCDA /* Debug */,
				7BCF4A5B2C42B6C50056BCDA /* Release */,
			);
			defaultConfigurationIsVisible = 0;
			defaultConfigurationName = Release;
		};
		7BCF4A5C2C42B6C50056BCDA /* Build configuration list for PBXNativeTarget "ErosMobile" */ = {
			isa = XCConfigurationList;
			buildConfigurations = (
				7BCF4A5D2C42B6C50056BCDA /* Debug */,
				7BCF4A5E2C42B6C50056BCDA /* Release */,
			);
			defaultConfigurationIsVisible = 0;
			defaultConfigurationName = Release;
		};
/* End XCConfigurationList section */

/* Begin XCRemoteSwiftPackageReference section */
		7BB708822C5669A20027DAEA /* XCRemoteSwiftPackageReference "JWTDecode.swift" */ = {
			isa = XCRemoteSwiftPackageReference;
			repositoryURL = "https://github.com/auth0/JWTDecode.swift.git";
			requirement = {
				kind = upToNextMajorVersion;
				minimumVersion = 3.1.0;
			};
		};
/* End XCRemoteSwiftPackageReference section */

/* Begin XCSwiftPackageProductDependency section */
		7BB708832C5669A20027DAEA /* JWTDecode */ = {
			isa = XCSwiftPackageProductDependency;
			package = 7BB708822C5669A20027DAEA /* XCRemoteSwiftPackageReference "JWTDecode.swift" */;
			productName = JWTDecode;
		};
/* End XCSwiftPackageProductDependency section */
	};
	rootObject = 7BCF4A452C42B6C40056BCDA /* Project object */;
}
